// !$*UTF8*$!
{
	archiveVersion = 1;
	classes = {
	};
	objectVersion = 50;
	objects = {

/* Begin PBXBuildFile section */
		2B733FB424A2CB51007B1CA8 /* AppDelegate.m in Sources */ = {isa = PBXBuildFile; fileRef = 2B733FB324A2CB51007B1CA8 /* AppDelegate.m */; };
		2B733FB724A2CB51007B1CA8 /* SceneDelegate.m in Sources */ = {isa = PBXBuildFile; fileRef = 2B733FB624A2CB51007B1CA8 /* SceneDelegate.m */; };
		2B733FBA24A2CB51007B1CA8 /* ViewController.m in Sources */ = {isa = PBXBuildFile; fileRef = 2B733FB924A2CB51007B1CA8 /* ViewController.m */; };
		2B733FBD24A2CB51007B1CA8 /* Main.storyboard in Resources */ = {isa = PBXBuildFile; fileRef = 2B733FBB24A2CB51007B1CA8 /* Main.storyboard */; };
		2B733FBF24A2CB52007B1CA8 /* Assets.xcassets in Resources */ = {isa = PBXBuildFile; fileRef = 2B733FBE24A2CB52007B1CA8 /* Assets.xcassets */; };
		2B733FC224A2CB52007B1CA8 /* LaunchScreen.storyboard in Resources */ = {isa = PBXBuildFile; fileRef = 2B733FC024A2CB52007B1CA8 /* LaunchScreen.storyboard */; };
		2B733FC524A2CB52007B1CA8 /* main.m in Sources */ = {isa = PBXBuildFile; fileRef = 2B733FC424A2CB52007B1CA8 /* main.m */; };
		2B733FCF24A2CB52007B1CA8 /* tipsHackTests.m in Sources */ = {isa = PBXBuildFile; fileRef = 2B733FCE24A2CB52007B1CA8 /* tipsHackTests.m */; };
		2B733FDA24A2CB52007B1CA8 /* tipsHackUITests.m in Sources */ = {isa = PBXBuildFile; fileRef = 2B733FD924A2CB52007B1CA8 /* tipsHackUITests.m */; };
/* End PBXBuildFile section */

/* Begin PBXContainerItemProxy section */
		2B733FCB24A2CB52007B1CA8 /* PBXContainerItemProxy */ = {
			isa = PBXContainerItemProxy;
			containerPortal = 2B733FA724A2CB51007B1CA8 /* Project object */;
			proxyType = 1;
			remoteGlobalIDString = 2B733FAE24A2CB51007B1CA8;
			remoteInfo = tipsHack;
		};
		2B733FD624A2CB52007B1CA8 /* PBXContainerItemProxy */ = {
			isa = PBXContainerItemProxy;
			containerPortal = 2B733FA724A2CB51007B1CA8 /* Project object */;
			proxyType = 1;
			remoteGlobalIDString = 2B733FAE24A2CB51007B1CA8;
			remoteInfo = tipsHack;
		};
/* End PBXContainerItemProxy section */

/* Begin PBXFileReference section */
		2B733FAF24A2CB51007B1CA8 /* tipsHack.app */ = {isa = PBXFileReference; explicitFileType = wrapper.application; includeInIndex = 0; path = tipsHack.app; sourceTree = BUILT_PRODUCTS_DIR; };
		2B733FB224A2CB51007B1CA8 /* AppDelegate.h */ = {isa = PBXFileReference; lastKnownFileType = sourcecode.c.h; path = AppDelegate.h; sourceTree = "<group>"; };
		2B733FB324A2CB51007B1CA8 /* AppDelegate.m */ = {isa = PBXFileReference; lastKnownFileType = sourcecode.c.objc; path = AppDelegate.m; sourceTree = "<group>"; };
		2B733FB524A2CB51007B1CA8 /* SceneDelegate.h */ = {isa = PBXFileReference; lastKnownFileType = sourcecode.c.h; path = SceneDelegate.h; sourceTree = "<group>"; };
		2B733FB624A2CB51007B1CA8 /* SceneDelegate.m */ = {isa = PBXFileReference; lastKnownFileType = sourcecode.c.objc; path = SceneDelegate.m; sourceTree = "<group>"; };
		2B733FB824A2CB51007B1CA8 /* ViewController.h */ = {isa = PBXFileReference; lastKnownFileType = sourcecode.c.h; path = ViewController.h; sourceTree = "<group>"; };
		2B733FB924A2CB51007B1CA8 /* ViewController.m */ = {isa = PBXFileReference; lastKnownFileType = sourcecode.c.objc; path = ViewController.m; sourceTree = "<group>"; };
		2B733FBC24A2CB51007B1CA8 /* Base */ = {isa = PBXFileReference; lastKnownFileType = file.storyboard; name = Base; path = Base.lproj/Main.storyboard; sourceTree = "<group>"; };
		2B733FBE24A2CB52007B1CA8 /* Assets.xcassets */ = {isa = PBXFileReference; lastKnownFileType = folder.assetcatalog; path = Assets.xcassets; sourceTree = "<group>"; };
		2B733FC124A2CB52007B1CA8 /* Base */ = {isa = PBXFileReference; lastKnownFileType = file.storyboard; name = Base; path = Base.lproj/LaunchScreen.storyboard; sourceTree = "<group>"; };
		2B733FC324A2CB52007B1CA8 /* Info.plist */ = {isa = PBXFileReference; lastKnownFileType = text.plist.xml; path = Info.plist; sourceTree = "<group>"; };
		2B733FC424A2CB52007B1CA8 /* main.m */ = {isa = PBXFileReference; lastKnownFileType = sourcecode.c.objc; path = main.m; sourceTree = "<group>"; };
		2B733FCA24A2CB52007B1CA8 /* tipsHackTests.xctest */ = {isa = PBXFileReference; explicitFileType = wrapper.cfbundle; includeInIndex = 0; path = tipsHackTests.xctest; sourceTree = BUILT_PRODUCTS_DIR; };
		2B733FCE24A2CB52007B1CA8 /* tipsHackTests.m */ = {isa = PBXFileReference; lastKnownFileType = sourcecode.c.objc; path = tipsHackTests.m; sourceTree = "<group>"; };
		2B733FD024A2CB52007B1CA8 /* Info.plist */ = {isa = PBXFileReference; lastKnownFileType = text.plist.xml; path = Info.plist; sourceTree = "<group>"; };
		2B733FD524A2CB52007B1CA8 /* tipsHackUITests.xctest */ = {isa = PBXFileReference; explicitFileType = wrapper.cfbundle; includeInIndex = 0; path = tipsHackUITests.xctest; sourceTree = BUILT_PRODUCTS_DIR; };
		2B733FD924A2CB52007B1CA8 /* tipsHackUITests.m */ = {isa = PBXFileReference; lastKnownFileType = sourcecode.c.objc; path = tipsHackUITests.m; sourceTree = "<group>"; };
		2B733FDB24A2CB52007B1CA8 /* Info.plist */ = {isa = PBXFileReference; lastKnownFileType = text.plist.xml; path = Info.plist; sourceTree = "<group>"; };
/* End PBXFileReference section */

/* Begin PBXFrameworksBuildPhase section */
		2B733FAC24A2CB51007B1CA8 /* Frameworks */ = {
			isa = PBXFrameworksBuildPhase;
			buildActionMask = 2147483647;
			files = (
			);
			runOnlyForDeploymentPostprocessing = 0;
		};
		2B733FC724A2CB52007B1CA8 /* Frameworks */ = {
			isa = PBXFrameworksBuildPhase;
			buildActionMask = 2147483647;
			files = (
			);
			runOnlyForDeploymentPostprocessing = 0;
		};
		2B733FD224A2CB52007B1CA8 /* Frameworks */ = {
			isa = PBXFrameworksBuildPhase;
			buildActionMask = 2147483647;
			files = (
			);
			runOnlyForDeploymentPostprocessing = 0;
		};
/* End PBXFrameworksBuildPhase section */

/* Begin PBXGroup section */
		2B733FA624A2CB51007B1CA8 = {
			isa = PBXGroup;
			children = (
				2B733FB124A2CB51007B1CA8 /* tipsHack */,
				2B733FCD24A2CB52007B1CA8 /* tipsHackTests */,
				2B733FD824A2CB52007B1CA8 /* tipsHackUITests */,
				2B733FB024A2CB51007B1CA8 /* Products */,
			);
			sourceTree = "<group>";
		};
		2B733FB024A2CB51007B1CA8 /* Products */ = {
			isa = PBXGroup;
			children = (
				2B733FAF24A2CB51007B1CA8 /* tipsHack.app */,
				2B733FCA24A2CB52007B1CA8 /* tipsHackTests.xctest */,
				2B733FD524A2CB52007B1CA8 /* tipsHackUITests.xctest */,
			);
			name = Products;
			sourceTree = "<group>";
		};
		2B733FB124A2CB51007B1CA8 /* tipsHack */ = {
			isa = PBXGroup;
			children = (
				2B733FB224A2CB51007B1CA8 /* AppDelegate.h */,
				2B733FB324A2CB51007B1CA8 /* AppDelegate.m */,
				2B733FB524A2CB51007B1CA8 /* SceneDelegate.h */,
				2B733FB624A2CB51007B1CA8 /* SceneDelegate.m */,
				2B733FB824A2CB51007B1CA8 /* ViewController.h */,
				2B733FB924A2CB51007B1CA8 /* ViewController.m */,
				2B733FBB24A2CB51007B1CA8 /* Main.storyboard */,
				2B733FBE24A2CB52007B1CA8 /* Assets.xcassets */,
				2B733FC024A2CB52007B1CA8 /* LaunchScreen.storyboard */,
				2B733FC324A2CB52007B1CA8 /* Info.plist */,
				2B733FC424A2CB52007B1CA8 /* main.m */,
			);
			path = tipsHack;
			sourceTree = "<group>";
		};
		2B733FCD24A2CB52007B1CA8 /* tipsHackTests */ = {
			isa = PBXGroup;
			children = (
				2B733FCE24A2CB52007B1CA8 /* tipsHackTests.m */,
				2B733FD024A2CB52007B1CA8 /* Info.plist */,
			);
			path = tipsHackTests;
			sourceTree = "<group>";
		};
		2B733FD824A2CB52007B1CA8 /* tipsHackUITests */ = {
			isa = PBXGroup;
			children = (
				2B733FD924A2CB52007B1CA8 /* tipsHackUITests.m */,
				2B733FDB24A2CB52007B1CA8 /* Info.plist */,
			);
			path = tipsHackUITests;
			sourceTree = "<group>";
		};
/* End PBXGroup section */

/* Begin PBXNativeTarget section */
		2B733FAE24A2CB51007B1CA8 /* tipsHack */ = {
			isa = PBXNativeTarget;
			buildConfigurationList = 2B733FDE24A2CB52007B1CA8 /* Build configuration list for PBXNativeTarget "tipsHack" */;
			buildPhases = (
				2B733FAB24A2CB51007B1CA8 /* Sources */,
				2B733FAC24A2CB51007B1CA8 /* Frameworks */,
				2B733FAD24A2CB51007B1CA8 /* Resources */,
			);
			buildRules = (
			);
			dependencies = (
			);
			name = tipsHack;
			productName = tipsHack;
			productReference = 2B733FAF24A2CB51007B1CA8 /* tipsHack.app */;
			productType = "com.apple.product-type.application";
		};
		2B733FC924A2CB52007B1CA8 /* tipsHackTests */ = {
			isa = PBXNativeTarget;
			buildConfigurationList = 2B733FE124A2CB52007B1CA8 /* Build configuration list for PBXNativeTarget "tipsHackTests" */;
			buildPhases = (
				2B733FC624A2CB52007B1CA8 /* Sources */,
				2B733FC724A2CB52007B1CA8 /* Frameworks */,
				2B733FC824A2CB52007B1CA8 /* Resources */,
			);
			buildRules = (
			);
			dependencies = (
				2B733FCC24A2CB52007B1CA8 /* PBXTargetDependency */,
			);
			name = tipsHackTests;
			productName = tipsHackTests;
			productReference = 2B733FCA24A2CB52007B1CA8 /* tipsHackTests.xctest */;
			productType = "com.apple.product-type.bundle.unit-test";
		};
		2B733FD424A2CB52007B1CA8 /* tipsHackUITests */ = {
			isa = PBXNativeTarget;
			buildConfigurationList = 2B733FE424A2CB52007B1CA8 /* Build configuration list for PBXNativeTarget "tipsHackUITests" */;
			buildPhases = (
				2B733FD124A2CB52007B1CA8 /* Sources */,
				2B733FD224A2CB52007B1CA8 /* Frameworks */,
				2B733FD324A2CB52007B1CA8 /* Resources */,
			);
			buildRules = (
			);
			dependencies = (
				2B733FD724A2CB52007B1CA8 /* PBXTargetDependency */,
			);
			name = tipsHackUITests;
			productName = tipsHackUITests;
			productReference = 2B733FD524A2CB52007B1CA8 /* tipsHackUITests.xctest */;
			productType = "com.apple.product-type.bundle.ui-testing";
		};
/* End PBXNativeTarget section */

/* Begin PBXProject section */
		2B733FA724A2CB51007B1CA8 /* Project object */ = {
			isa = PBXProject;
			attributes = {
				LastUpgradeCheck = 1150;
				ORGANIZATIONNAME = "Nicholas Wayoe";
				TargetAttributes = {
					2B733FAE24A2CB51007B1CA8 = {
						CreatedOnToolsVersion = 11.5;
					};
					2B733FC924A2CB52007B1CA8 = {
						CreatedOnToolsVersion = 11.5;
						TestTargetID = 2B733FAE24A2CB51007B1CA8;
					};
					2B733FD424A2CB52007B1CA8 = {
						CreatedOnToolsVersion = 11.5;
						TestTargetID = 2B733FAE24A2CB51007B1CA8;
					};
				};
			};
			buildConfigurationList = 2B733FAA24A2CB51007B1CA8 /* Build configuration list for PBXProject "tipsHack" */;
			compatibilityVersion = "Xcode 9.3";
			developmentRegion = en;
			hasScannedForEncodings = 0;
			knownRegions = (
				en,
				Base,
			);
			mainGroup = 2B733FA624A2CB51007B1CA8;
			productRefGroup = 2B733FB024A2CB51007B1CA8 /* Products */;
			projectDirPath = "";
			projectRoot = "";
			targets = (
				2B733FAE24A2CB51007B1CA8 /* tipsHack */,
				2B733FC924A2CB52007B1CA8 /* tipsHackTests */,
				2B733FD424A2CB52007B1CA8 /* tipsHackUITests */,
			);
		};
/* End PBXProject section */

/* Begin PBXResourcesBuildPhase section */
		2B733FAD24A2CB51007B1CA8 /* Resources */ = {
			isa = PBXResourcesBuildPhase;
			buildActionMask = 2147483647;
			files = (
				2B733FC224A2CB52007B1CA8 /* LaunchScreen.storyboard in Resources */,
				2B733FBF24A2CB52007B1CA8 /* Assets.xcassets in Resources */,
				2B733FBD24A2CB51007B1CA8 /* Main.storyboard in Resources */,
			);
			runOnlyForDeploymentPostprocessing = 0;
		};
		2B733FC824A2CB52007B1CA8 /* Resources */ = {
			isa = PBXResourcesBuildPhase;
			buildActionMask = 2147483647;
			files = (
			);
			runOnlyForDeploymentPostprocessing = 0;
		};
		2B733FD324A2CB52007B1CA8 /* Resources */ = {
			isa = PBXResourcesBuildPhase;
			buildActionMask = 2147483647;
			files = (
			);
			runOnlyForDeploymentPostprocessing = 0;
		};
/* End PBXResourcesBuildPhase section */

/* Begin PBXSourcesBuildPhase section */
		2B733FAB24A2CB51007B1CA8 /* Sources */ = {
			isa = PBXSourcesBuildPhase;
			buildActionMask = 2147483647;
			files = (
				2B733FBA24A2CB51007B1CA8 /* ViewController.m in Sources */,
				2B733FB424A2CB51007B1CA8 /* AppDelegate.m in Sources */,
				2B733FC524A2CB52007B1CA8 /* main.m in Sources */,
				2B733FB724A2CB51007B1CA8 /* SceneDelegate.m in Sources */,
			);
			runOnlyForDeploymentPostprocessing = 0;
		};
		2B733FC624A2CB52007B1CA8 /* Sources */ = {
			isa = PBXSourcesBuildPhase;
			buildActionMask = 2147483647;
			files = (
				2B733FCF24A2CB52007B1CA8 /* tipsHackTests.m in Sources */,
			);
			runOnlyForDeploymentPostprocessing = 0;
		};
		2B733FD124A2CB52007B1CA8 /* Sources */ = {
			isa = PBXSourcesBuildPhase;
			buildActionMask = 2147483647;
			files = (
				2B733FDA24A2CB52007B1CA8 /* tipsHackUITests.m in Sources */,
			);
			runOnlyForDeploymentPostprocessing = 0;
		};
/* End PBXSourcesBuildPhase section */

/* Begin PBXTargetDependency section */
		2B733FCC24A2CB52007B1CA8 /* PBXTargetDependency */ = {
			isa = PBXTargetDependency;
			target = 2B733FAE24A2CB51007B1CA8 /* tipsHack */;
			targetProxy = 2B733FCB24A2CB52007B1CA8 /* PBXContainerItemProxy */;
		};
		2B733FD724A2CB52007B1CA8 /* PBXTargetDependency */ = {
			isa = PBXTargetDependency;
			target = 2B733FAE24A2CB51007B1CA8 /* tipsHack */;
			targetProxy = 2B733FD624A2CB52007B1CA8 /* PBXContainerItemProxy */;
		};
/* End PBXTargetDependency section */

/* Begin PBXVariantGroup section */
		2B733FBB24A2CB51007B1CA8 /* Main.storyboard */ = {
			isa = PBXVariantGroup;
			children = (
				2B733FBC24A2CB51007B1CA8 /* Base */,
			);
			name = Main.storyboard;
			sourceTree = "<group>";
		};
		2B733FC024A2CB52007B1CA8 /* LaunchScreen.storyboard */ = {
			isa = PBXVariantGroup;
			children = (
				2B733FC124A2CB52007B1CA8 /* Base */,
			);
			name = LaunchScreen.storyboard;
			sourceTree = "<group>";
		};
/* End PBXVariantGroup section */

/* Begin XCBuildConfiguration section */
		2B733FDC24A2CB52007B1CA8 /* Debug */ = {
			isa = XCBuildConfiguration;
			buildSettings = {
				ALWAYS_SEARCH_USER_PATHS = NO;
				CLANG_ANALYZER_NONNULL = YES;
				CLANG_ANALYZER_NUMBER_OBJECT_CONVERSION = YES_AGGRESSIVE;
				CLANG_CXX_LANGUAGE_STANDARD = "gnu++14";
				CLANG_CXX_LIBRARY = "libc++";
				CLANG_ENABLE_MODULES = YES;
				CLANG_ENABLE_OBJC_ARC = YES;
				CLANG_ENABLE_OBJC_WEAK = YES;
				CLANG_WARN_BLOCK_CAPTURE_AUTORELEASING = YES;
				CLANG_WARN_BOOL_CONVERSION = YES;
				CLANG_WARN_COMMA = YES;
				CLANG_WARN_CONSTANT_CONVERSION = YES;
				CLANG_WARN_DEPRECATED_OBJC_IMPLEMENTATIONS = YES;
				CLANG_WARN_DIRECT_OBJC_ISA_USAGE = YES_ERROR;
				CLANG_WARN_DOCUMENTATION_COMMENTS = YES;
				CLANG_WARN_EMPTY_BODY = YES;
				CLANG_WARN_ENUM_CONVERSION = YES;
				CLANG_WARN_INFINITE_RECURSION = YES;
				CLANG_WARN_INT_CONVERSION = YES;
				CLANG_WARN_NON_LITERAL_NULL_CONVERSION = YES;
				CLANG_WARN_OBJC_IMPLICIT_RETAIN_SELF = YES;
				CLANG_WARN_OBJC_LITERAL_CONVERSION = YES;
				CLANG_WARN_OBJC_ROOT_CLASS = YES_ERROR;
				CLANG_WARN_RANGE_LOOP_ANALYSIS = YES;
				CLANG_WARN_STRICT_PROTOTYPES = YES;
				CLANG_WARN_SUSPICIOUS_MOVE = YES;
				CLANG_WARN_UNGUARDED_AVAILABILITY = YES_AGGRESSIVE;
				CLANG_WARN_UNREACHABLE_CODE = YES;
				CLANG_WARN__DUPLICATE_METHOD_MATCH = YES;
				COPY_PHASE_STRIP = NO;
				DEBUG_INFORMATION_FORMAT = dwarf;
				ENABLE_STRICT_OBJC_MSGSEND = YES;
				ENABLE_TESTABILITY = YES;
				GCC_C_LANGUAGE_STANDARD = gnu11;
				GCC_DYNAMIC_NO_PIC = NO;
				GCC_NO_COMMON_BLOCKS = YES;
				GCC_OPTIMIZATION_LEVEL = 0;
				GCC_PREPROCESSOR_DEFINITIONS = (
					"DEBUG=1",
					"$(inherited)",
				);
				GCC_WARN_64_TO_32_BIT_CONVERSION = YES;
				GCC_WARN_ABOUT_RETURN_TYPE = YES_ERROR;
				GCC_WARN_UNDECLARED_SELECTOR = YES;
				GCC_WARN_UNINITIALIZED_AUTOS = YES_AGGRESSIVE;
				GCC_WARN_UNUSED_FUNCTION = YES;
				GCC_WARN_UNUSED_VARIABLE = YES;
				IPHONEOS_DEPLOYMENT_TARGET = 13.5;
				MTL_ENABLE_DEBUG_INFO = INCLUDE_SOURCE;
				MTL_FAST_MATH = YES;
				ONLY_ACTIVE_ARCH = YES;
				SDKROOT = iphoneos;
			};
			name = Debug;
		};
		2B733FDD24A2CB52007B1CA8 /* Release */ = {
			isa = XCBuildConfiguration;
			buildSettings = {
				ALWAYS_SEARCH_USER_PATHS = NO;
				CLANG_ANALYZER_NONNULL = YES;
				CLANG_ANALYZER_NUMBER_OBJECT_CONVERSION = YES_AGGRESSIVE;
				CLANG_CXX_LANGUAGE_STANDARD = "gnu++14";
				CLANG_CXX_LIBRARY = "libc++";
				CLANG_ENABLE_MODULES = YES;
				CLANG_ENABLE_OBJC_ARC = YES;
				CLANG_ENABLE_OBJC_WEAK = YES;
				CLANG_WARN_BLOCK_CAPTURE_AUTORELEASING = YES;
				CLANG_WARN_BOOL_CONVERSION = YES;
				CLANG_WARN_COMMA = YES;
				CLANG_WARN_CONSTANT_CONVERSION = YES;
				CLANG_WARN_DEPRECATED_OBJC_IMPLEMENTATIONS = YES;
				CLANG_WARN_DIRECT_OBJC_ISA_USAGE = YES_ERROR;
				CLANG_WARN_DOCUMENTATION_COMMENTS = YES;
				CLANG_WARN_EMPTY_BODY = YES;
				CLANG_WARN_ENUM_CONVERSION = YES;
				CLANG_WARN_INFINITE_RECURSION = YES;
				CLANG_WARN_INT_CONVERSION = YES;
				CLANG_WARN_NON_LITERAL_NULL_CONVERSION = YES;
				CLANG_WARN_OBJC_IMPLICIT_RETAIN_SELF = YES;
				CLANG_WARN_OBJC_LITERAL_CONVERSION = YES;
				CLANG_WARN_OBJC_ROOT_CLASS = YES_ERROR;
				CLANG_WARN_RANGE_LOOP_ANALYSIS = YES;
				CLANG_WARN_STRICT_PROTOTYPES = YES;
				CLANG_WARN_SUSPICIOUS_MOVE = YES;
				CLANG_WARN_UNGUARDED_AVAILABILITY = YES_AGGRESSIVE;
				CLANG_WARN_UNREACHABLE_CODE = YES;
				CLANG_WARN__DUPLICATE_METHOD_MATCH = YES;
				COPY_PHASE_STRIP = NO;
				DEBUG_INFORMATION_FORMAT = "dwarf-with-dsym";
				ENABLE_NS_ASSERTIONS = NO;
				ENABLE_STRICT_OBJC_MSGSEND = YES;
				GCC_C_LANGUAGE_STANDARD = gnu11;
				GCC_NO_COMMON_BLOCKS = YES;
				GCC_WARN_64_TO_32_BIT_CONVERSION = YES;
				GCC_WARN_ABOUT_RETURN_TYPE = YES_ERROR;
				GCC_WARN_UNDECLARED_SELECTOR = YES;
				GCC_WARN_UNINITIALIZED_AUTOS = YES_AGGRESSIVE;
				GCC_WARN_UNUSED_FUNCTION = YES;
				GCC_WARN_UNUSED_VARIABLE = YES;
				IPHONEOS_DEPLOYMENT_TARGET = 13.5;
				MTL_ENABLE_DEBUG_INFO = NO;
				MTL_FAST_MATH = YES;
				SDKROOT = iphoneos;
				VALIDATE_PRODUCT = YES;
			};
			name = Release;
		};
		2B733FDF24A2CB52007B1CA8 /* Debug */ = {
			isa = XCBuildConfiguration;
			buildSettings = {
				ASSETCATALOG_COMPILER_APPICON_NAME = AppIcon;
				CODE_SIGN_STYLE = Automatic;
				DEVELOPMENT_TEAM = D4LS79J8BG;
				INFOPLIST_FILE = tipsHack/Info.plist;
				LD_RUNPATH_SEARCH_PATHS = (
					"$(inherited)",
					"@executable_path/Frameworks",
				);
				PRODUCT_BUNDLE_IDENTIFIER = com.nwayoe.tipsHack;
				PRODUCT_NAME = "$(TARGET_NAME)";
				TARGETED_DEVICE_FAMILY = "1,2";
			};
			name = Debug;
		};
		2B733FE024A2CB52007B1CA8 /* Release */ = {
			isa = XCBuildConfiguration;
			buildSettings = {
				ASSETCATALOG_COMPILER_APPICON_NAME = AppIcon;
				CODE_SIGN_STYLE = Automatic;
				DEVELOPMENT_TEAM = D4LS79J8BG;
				INFOPLIST_FILE = tipsHack/Info.plist;
				LD_RUNPATH_SEARCH_PATHS = (
					"$(inherited)",
					"@executable_path/Frameworks",
				);
				PRODUCT_BUNDLE_IDENTIFIER = com.nwayoe.tipsHack;
				PRODUCT_NAME = "$(TARGET_NAME)";
				TARGETED_DEVICE_FAMILY = "1,2";
			};
			name = Release;
		};
		2B733FE224A2CB52007B1CA8 /* Debug */ = {
			isa = XCBuildConfiguration;
			buildSettings = {
				BUNDLE_LOADER = "$(TEST_HOST)";
				CODE_SIGN_STYLE = Automatic;
				INFOPLIST_FILE = tipsHackTests/Info.plist;
				IPHONEOS_DEPLOYMENT_TARGET = 13.5;
				LD_RUNPATH_SEARCH_PATHS = (
					"$(inherited)",
					"@executable_path/Frameworks",
					"@loader_path/Frameworks",
				);
				PRODUCT_BUNDLE_IDENTIFIER = com.nwayoe.tipsHackTests;
				PRODUCT_NAME = "$(TARGET_NAME)";
				TARGETED_DEVICE_FAMILY = "1,2";
				TEST_HOST = "$(BUILT_PRODUCTS_DIR)/tipsHack.app/tipsHack";
			};
			name = Debug;
		};
		2B733FE324A2CB52007B1CA8 /* Release */ = {
			isa = XCBuildConfiguration;
			buildSettings = {
				BUNDLE_LOADER = "$(TEST_HOST)";
				CODE_SIGN_STYLE = Automatic;
				INFOPLIST_FILE = tipsHackTests/Info.plist;
				IPHONEOS_DEPLOYMENT_TARGET = 13.5;
				LD_RUNPATH_SEARCH_PATHS = (
					"$(inherited)",
					"@executable_path/Frameworks",
					"@loader_path/Frameworks",
				);
				PRODUCT_BUNDLE_IDENTIFIER = com.nwayoe.tipsHackTests;
				PRODUCT_NAME = "$(TARGET_NAME)";
				TARGETED_DEVICE_FAMILY = "1,2";
				TEST_HOST = "$(BUILT_PRODUCTS_DIR)/tipsHack.app/tipsHack";
			};
			name = Release;
		};
		2B733FE524A2CB52007B1CA8 /* Debug */ = {
			isa = XCBuildConfiguration;
			buildSettings = {
				CODE_SIGN_STYLE = Automatic;
				INFOPLIST_FILE = tipsHackUITests/Info.plist;
				LD_RUNPATH_SEARCH_PATHS = (
					"$(inherited)",
					"@executable_path/Frameworks",
					"@loader_path/Frameworks",
				);
				PRODUCT_BUNDLE_IDENTIFIER = com.nwayoe.tipsHackUITests;
				PRODUCT_NAME = "$(TARGET_NAME)";
				TARGETED_DEVICE_FAMILY = "1,2";
				TEST_TARGET_NAME = tipsHack;
			};
			name = Debug;
		};
		2B733FE624A2CB52007B1CA8 /* Release */ = {
			isa = XCBuildConfiguration;
			buildSettings = {
				CODE_SIGN_STYLE = Automatic;
				INFOPLIST_FILE = tipsHackUITests/Info.plist;
				LD_RUNPATH_SEARCH_PATHS = (
					"$(inherited)",
					"@executable_path/Frameworks",
					"@loader_path/Frameworks",
				);
				PRODUCT_BUNDLE_IDENTIFIER = com.nwayoe.tipsHackUITests;
				PRODUCT_NAME = "$(TARGET_NAME)";
				TARGETED_DEVICE_FAMILY = "1,2";
				TEST_TARGET_NAME = tipsHack;
			};
			name = Release;
		};
/* End XCBuildConfiguration section */

/* Begin XCConfigurationList section */
		2B733FAA24A2CB51007B1CA8 /* Build configuration list for PBXProject "tipsHack" */ = {
			isa = XCConfigurationList;
			buildConfigurations = (
				2B733FDC24A2CB52007B1CA8 /* Debug */,
				2B733FDD24A2CB52007B1CA8 /* Release */,
			);
			defaultConfigurationIsVisible = 0;
			defaultConfigurationName = Release;
		};
		2B733FDE24A2CB52007B1CA8 /* Build configuration list for PBXNativeTarget "tipsHack" */ = {
			isa = XCConfigurationList;
			buildConfigurations = (
				2B733FDF24A2CB52007B1CA8 /* Debug */,
				2B733FE024A2CB52007B1CA8 /* Release */,
			);
			defaultConfigurationIsVisible = 0;
			defaultConfigurationName = Release;
		};
		2B733FE124A2CB52007B1CA8 /* Build configuration list for PBXNativeTarget "tipsHackTests" */ = {
			isa = XCConfigurationList;
			buildConfigurations = (
				2B733FE224A2CB52007B1CA8 /* Debug */,
				2B733FE324A2CB52007B1CA8 /* Release */,
			);
			defaultConfigurationIsVisible = 0;
			defaultConfigurationName = Release;
		};
		2B733FE424A2CB52007B1CA8 /* Build configuration list for PBXNativeTarget "tipsHackUITests" */ = {
			isa = XCConfigurationList;
			buildConfigurations = (
				2B733FE524A2CB52007B1CA8 /* Debug */,
				2B733FE624A2CB52007B1CA8 /* Release */,
			);
			defaultConfigurationIsVisible = 0;
			defaultConfigurationName = Release;
		};
/* End XCConfigurationList section */
	};
	rootObject = 2B733FA724A2CB51007B1CA8 /* Project object */;
}
